
Microsoft Visual Studio Solution File, Format Version 12.00
# Visual Studio Version 17
VisualStudioVersion = 17.10.35027.167
MinimumVisualStudioVersion = 10.0.40219.1
Project("{9A19103F-16F7-4668-BE54-9A1E7A4F7556}") = "Banka.WebApi", "Bank.WebApi\Banka.WebApi.csproj", "{A789E478-74FE-41AD-B818-C49AB941249D}"
EndProject
Project("{9A19103F-16F7-4668-BE54-9A1E7A4F7556}") = "Banka.İs", "Banka.İs\Banka.İs.csproj", "{73B5B53C-EB47-4C11-B649-ADF9AFC315E7}"
EndProject
Project("{9A19103F-16F7-4668-BE54-9A1E7A4F7556}") = "Banka.Cekirdek", "Banka.Cekirdek\Banka.Cekirdek.csproj", "{B52050FC-9A59-47F7-BE55-138FAA6B58A9}"
EndProject
Project("{9A19103F-16F7-4668-BE54-9A1E7A4F7556}") = "Banka.VeriErisimi", "Banka.VeriErisimi\Banka.VeriErisimi.csproj", "{290F6F3D-445C-44E2-9C03-DCB025A46EDA}"
EndProject
Project("{9A19103F-16F7-4668-BE54-9A1E7A4F7556}") = "Banka.Varlıklar", "Banka.Varlıklar\Banka.Varlıklar.csproj", "{7E648AD5-BED1-437E-A825-6E9448777641}"
EndProject
Project("{FAE04EC0-301F-11D3-BF4B-00C04F79EFBC}") = "Banka.Test", "Banka.Test\Banka.Test.csproj", "{43D614DE-3C8B-4EFE-94F4-361DFAC7FED3}"
EndProject
Global
	GlobalSection(SolutionConfigurationPlatforms) = preSolution
		Debug|Any CPU = Debug|Any CPU
		Release|Any CPU = Release|Any CPU
	EndGlobalSection
	GlobalSection(ProjectConfigurationPlatforms) = postSolution
		{A789E478-74FE-41AD-B818-C49AB941249D}.Debug|Any CPU.ActiveCfg = Debug|Any CPU
		{A789E478-74FE-41AD-B818-C49AB941249D}.Debug|Any CPU.Build.0 = Debug|Any CPU
		{A789E478-74FE-41AD-B818-C49AB941249D}.Release|Any CPU.ActiveCfg = Release|Any CPU
		{A789E478-74FE-41AD-B818-C49AB941249D}.Release|Any CPU.Build.0 = Release|Any CPU
		{73B5B53C-EB47-4C11-B649-ADF9AFC315E7}.Debug|Any CPU.ActiveCfg = Debug|Any CPU
		{73B5B53C-EB47-4C11-B649-ADF9AFC315E7}.Debug|Any CPU.Build.0 = Debug|Any CPU
		{73B5B53C-EB47-4C11-B649-ADF9AFC315E7}.Release|Any CPU.ActiveCfg = Release|Any CPU
		{73B5B53C-EB47-4C11-B649-ADF9AFC315E7}.Release|Any CPU.Build.0 = Release|Any CPU
		{B52050FC-9A59-47F7-BE55-138FAA6B58A9}.Debug|Any CPU.ActiveCfg = Debug|Any CPU
		{B52050FC-9A59-47F7-BE55-138FAA6B58A9}.Debug|Any CPU.Build.0 = Debug|Any CPU
		{B52050FC-9A59-47F7-BE55-138FAA6B58A9}.Release|Any CPU.ActiveCfg = Release|Any CPU
		{B52050FC-9A59-47F7-BE55-138FAA6B58A9}.Release|Any CPU.Build.0 = Release|Any CPU
		{290F6F3D-445C-44E2-9C03-DCB025A46EDA}.Debug|Any CPU.ActiveCfg = Debug|Any CPU
		{290F6F3D-445C-44E2-9C03-DCB025A46EDA}.Debug|Any CPU.Build.0 = Debug|Any CPU
		{290F6F3D-445C-44E2-9C03-DCB025A46EDA}.Release|Any CPU.ActiveCfg = Release|Any CPU
		{290F6F3D-445C-44E2-9C03-DCB025A46EDA}.Release|Any CPU.Build.0 = Release|Any CPU
		{7E648AD5-BED1-437E-A825-6E9448777641}.Debug|Any CPU.ActiveCfg = Debug|Any CPU
		{7E648AD5-BED1-437E-A825-6E9448777641}.Debug|Any CPU.Build.0 = Debug|Any CPU
		{7E648AD5-BED1-437E-A825-6E9448777641}.Release|Any CPU.ActiveCfg = Release|Any CPU
		{7E648AD5-BED1-437E-A825-6E9448777641}.Release|Any CPU.Build.0 = Release|Any CPU
		{43D614DE-3C8B-4EFE-94F4-361DFAC7FED3}.Debug|Any CPU.ActiveCfg = Debug|Any CPU
		{43D614DE-3C8B-4EFE-94F4-361DFAC7FED3}.Debug|Any CPU.Build.0 = Debug|Any CPU
		{43D614DE-3C8B-4EFE-94F4-361DFAC7FED3}.Release|Any CPU.ActiveCfg = Release|Any CPU
		{43D614DE-3C8B-4EFE-94F4-361DFAC7FED3}.Release|Any CPU.Build.0 = Release|Any CPU
	EndGlobalSection
	GlobalSection(SolutionProperties) = preSolution
		HideSolutionNode = FALSE
	EndGlobalSection
	GlobalSection(ExtensibilityGlobals) = postSolution
		SolutionGuid = {3D3D043B-495B-4B3E-B79E-A63FC682CDFE}
	EndGlobalSection
EndGlobal
